
Microsoft Visual Studio Solution File, Format Version 12.00
# Visual Studio Version 17
VisualStudioVersion = 17.10.35122.118
MinimumVisualStudioVersion = 10.0.40219.1
Project("{FAE04EC0-301F-11D3-BF4B-00C04F79EFBC}") = "GameObject", "GameObject.csproj", "{2F2CEABA-85E5-4547-8305-BDD78D759A0F}"
EndProject
Global
	GlobalSection(SolutionConfigurationPlatforms) = preSolution
		Debug|Any CPU = Debug|Any CPU
		Release|Any CPU = Release|Any CPU
	EndGlobalSection
	GlobalSection(ProjectConfigurationPlatforms) = postSolution
		{2F2CEABA-85E5-4547-8305-BDD78D759A0F}.Debug|Any CPU.ActiveCfg = Debug|Any CPU
		{2F2CEABA-85E5-4547-8305-BDD78D759A0F}.Debug|Any CPU.Build.0 = Debug|Any CPU
		{2F2CEABA-85E5-4547-8305-BDD78D759A0F}.Release|Any CPU.ActiveCfg = Release|Any CPU
		{2F2CEABA-85E5-4547-8305-BDD78D759A0F}.Release|Any CPU.Build.0 = Release|Any CPU
	EndGlobalSection
	GlobalSection(SolutionProperties) = preSolution
		HideSolutionNode = FALSE
	EndGlobalSection
	GlobalSection(ExtensibilityGlobals) = postSolution
		SolutionGuid = {ECFE2226-93EC-4B7D-98C5-5271F2B259F0}
	EndGlobalSection
EndGlobal
